
Microsoft Visual Studio Solution File, Format Version 12.00
# Visual Studio Version 17
VisualStudioVersion = 17.13.35828.75
MinimumVisualStudioVersion = 10.0.40219.1
Project("{8BC9CEB8-8B4A-11D0-8D11-00A0C91BC942}") = "Task 1", "Task 1\Task 1.vcxproj", "{E09223EB-00D5-4669-A181-875591CCD8E6}"
EndProject
Project("{8BC9CEB8-8B4A-11D0-8D11-00A0C91BC942}") = "Task 2", "Task 2\Task 2.vcxproj", "{3E57DE8B-AE5E-4DCD-8159-978808DD2BD1}"
EndProject
Project("{8BC9CEB8-8B4A-11D0-8D11-00A0C91BC942}") = "Task 3", "Task 3\Task 3.vcxproj", "{99432EC2-0664-410C-B642-3F60B2CBD6F6}"
EndProject
Global
	GlobalSection(SolutionConfigurationPlatforms) = preSolution
		Debug|x64 = Debug|x64
		Debug|x86 = Debug|x86
		Release|x64 = Release|x64
		Release|x86 = Release|x86
	EndGlobalSection
	GlobalSection(ProjectConfigurationPlatforms) = postSolution
		{E09223EB-00D5-4669-A181-875591CCD8E6}.Debug|x64.ActiveCfg = Debug|x64
		{E09223EB-00D5-4669-A181-875591CCD8E6}.Debug|x64.Build.0 = Debug|x64
		{E09223EB-00D5-4669-A181-875591CCD8E6}.Debug|x86.ActiveCfg = Debug|Win32
		{E09223EB-00D5-4669-A181-875591CCD8E6}.Debug|x86.Build.0 = Debug|Win32
		{E09223EB-00D5-4669-A181-875591CCD8E6}.Release|x64.ActiveCfg = Release|x64
		{E09223EB-00D5-4669-A181-875591CCD8E6}.Release|x64.Build.0 = Release|x64
		{E09223EB-00D5-4669-A181-875591CCD8E6}.Release|x86.ActiveCfg = Release|Win32
		{E09223EB-00D5-4669-A181-875591CCD8E6}.Release|x86.Build.0 = Release|Win32
		{3E57DE8B-AE5E-4DCD-8159-978808DD2BD1}.Debug|x64.ActiveCfg = Debug|x64
		{3E57DE8B-AE5E-4DCD-8159-978808DD2BD1}.Debug|x64.Build.0 = Debug|x64
		{3E57DE8B-AE5E-4DCD-8159-978808DD2BD1}.Debug|x86.ActiveCfg = Debug|Win32
		{3E57DE8B-AE5E-4DCD-8159-978808DD2BD1}.Debug|x86.Build.0 = Debug|Win32
		{3E57DE8B-AE5E-4DCD-8159-978808DD2BD1}.Release|x64.ActiveCfg = Release|x64
		{3E57DE8B-AE5E-4DCD-8159-978808DD2BD1}.Release|x64.Build.0 = Release|x64
		{3E57DE8B-AE5E-4DCD-8159-978808DD2BD1}.Release|x86.ActiveCfg = Release|Win32
		{3E57DE8B-AE5E-4DCD-8159-978808DD2BD1}.Release|x86.Build.0 = Release|Win32
		{99432EC2-0664-410C-B642-3F60B2CBD6F6}.Debug|x64.ActiveCfg = Debug|x64
		{99432EC2-0664-410C-B642-3F60B2CBD6F6}.Debug|x64.Build.0 = Debug|x64
		{99432EC2-0664-410C-B642-3F60B2CBD6F6}.Debug|x86.ActiveCfg = Debug|Win32
		{99432EC2-0664-410C-B642-3F60B2CBD6F6}.Debug|x86.Build.0 = Debug|Win32
		{99432EC2-0664-410C-B642-3F60B2CBD6F6}.Release|x64.ActiveCfg = Release|x64
		{99432EC2-0664-410C-B642-3F60B2CBD6F6}.Release|x64.Build.0 = Release|x64
		{99432EC2-0664-410C-B642-3F60B2CBD6F6}.Release|x86.ActiveCfg = Release|Win32
		{99432EC2-0664-410C-B642-3F60B2CBD6F6}.Release|x86.Build.0 = Release|Win32
	EndGlobalSection
	GlobalSection(SolutionProperties) = preSolution
		HideSolutionNode = FALSE
	EndGlobalSection
	GlobalSection(ExtensibilityGlobals) = postSolution
		SolutionGuid = {98EF11B6-DBD0-42EE-A28C-07957C284667}
	EndGlobalSection
EndGlobal
